
Microsoft Visual Studio Solution File, Format Version 12.00
# Visual Studio 15
VisualStudioVersion = 15.0.28010.2050
MinimumVisualStudioVersion = 10.0.40219.1
Project("{8BC9CEB8-8B4A-11D0-8D11-00A0C91BC942}") = "project_git", "project_git\project_git.vcxproj", "{7EF5BE75-8CD9-4A56-A41C-EDAED09E3276}"
EndProject
Global
	GlobalSection(SolutionConfigurationPlatforms) = preSolution
		Debug|x64 = Debug|x64
		Debug|x86 = Debug|x86
		Release|x64 = Release|x64
		Release|x86 = Release|x86
	EndGlobalSection
	GlobalSection(ProjectConfigurationPlatforms) = postSolution
		{7EF5BE75-8CD9-4A56-A41C-EDAED09E3276}.Debug|x64.ActiveCfg = Debug|x64
		{7EF5BE75-8CD9-4A56-A41C-EDAED09E3276}.Debug|x64.Build.0 = Debug|x64
		{7EF5BE75-8CD9-4A56-A41C-EDAED09E3276}.Debug|x86.ActiveCfg = Debug|Win32
		{7EF5BE75-8CD9-4A56-A41C-EDAED09E3276}.Debug|x86.Build.0 = Debug|Win32
		{7EF5BE75-8CD9-4A56-A41C-EDAED09E3276}.Release|x64.ActiveCfg = Release|x64
		{7EF5BE75-8CD9-4A56-A41C-EDAED09E3276}.Release|x64.Build.0 = Release|x64
		{7EF5BE75-8CD9-4A56-A41C-EDAED09E3276}.Release|x86.ActiveCfg = Release|Win32
		{7EF5BE75-8CD9-4A56-A41C-EDAED09E3276}.Release|x86.Build.0 = Release|Win32
	EndGlobalSection
	GlobalSection(SolutionProperties) = preSolution
		HideSolutionNode = FALSE
	EndGlobalSection
	GlobalSection(ExtensibilityGlobals) = postSolution
		SolutionGuid = {ACCBAE88-913C-46A3-AAC6-3189A98517AB}
	EndGlobalSection
EndGlobal
